
Microsoft Visual Studio Solution File, Format Version 12.00
# Visual Studio Version 17
VisualStudioVersion = 17.9.34622.214
MinimumVisualStudioVersion = 10.0.40219.1
Project("{FAE04EC0-301F-11D3-BF4B-00C04F79EFBC}") = "ConsoleApp4", "ConsoleApp4\ConsoleApp4.csproj", "{F0003A21-B996-4D3D-B1E0-7FC48FFF82D5}"
EndProject
Global
	GlobalSection(SolutionConfigurationPlatforms) = preSolution
		Debug|Any CPU = Debug|Any CPU
		Release|Any CPU = Release|Any CPU
	EndGlobalSection
	GlobalSection(ProjectConfigurationPlatforms) = postSolution
		{F0003A21-B996-4D3D-B1E0-7FC48FFF82D5}.Debug|Any CPU.ActiveCfg = Debug|Any CPU
		{F0003A21-B996-4D3D-B1E0-7FC48FFF82D5}.Debug|Any CPU.Build.0 = Debug|Any CPU
		{F0003A21-B996-4D3D-B1E0-7FC48FFF82D5}.Release|Any CPU.ActiveCfg = Release|Any CPU
		{F0003A21-B996-4D3D-B1E0-7FC48FFF82D5}.Release|Any CPU.Build.0 = Release|Any CPU
	EndGlobalSection
	GlobalSection(SolutionProperties) = preSolution
		HideSolutionNode = FALSE
	EndGlobalSection
	GlobalSection(ExtensibilityGlobals) = postSolution
		SolutionGuid = {306A0FA1-8B46-4384-AB96-CDCB20DEB780}
	EndGlobalSection
EndGlobal
